PODS:
  - InputBarAccessoryView (4.3.1):
    - InputBarAccessoryView/Core (= 4.3.1)
  - InputBarAccessoryView/Core (4.3.1)
  - MessageKit (3.1.0-beta.1):
    - InputBarAccessoryView (~> 4.3.0)

DEPENDENCIES:
  - MessageKit (from `../`)

SPEC REPOS:
  trunk:
    - InputBarAccessoryView

EXTERNAL SOURCES:
  MessageKit:
    :path: "../"

SPEC CHECKSUMS:
  InputBarAccessoryView: 58a348be7ea2736c7eec60e5c315511c2dbb39fd
  MessageKit: 01a62c3f7de7b4055e44c28689f94d3df59005fb

PODFILE CHECKSUM: 90bd12ca685503630d7fe716609f4974660ed5ee

COCOAPODS: 1.9.0
